# This file is automatically @generated by Cargo.
# It is not intended for manual editing.
version = 3

[[package]]
name = "aho-corasick"
version = "0.7.18"
source = "registry+https://github.com/rust-lang/crates.io-index"
checksum = "1e37cfd5e7657ada45f742d6e99ca5788580b5c529dc78faf11ece6dc702656f"
dependencies = [
 "memchr",
]

[[package]]
name = "analyzer"
version = "0.1.0"
dependencies = [
 "daggy",
 "tree-sitter",
 "tree-sitter-php",
]

[[package]]
name = "autocfg"
version = "1.1.0"
source = "registry+https://github.com/rust-lang/crates.io-index"
checksum = "d468802bab17cbc0cc575e9b053f41e72aa36bfa6b7f55e3529ffa43161b97fa"

[[package]]
name = "cc"
version = "1.0.73"
source = "registry+https://github.com/rust-lang/crates.io-index"
checksum = "2fff2a6927b3bb87f9595d67196a70493f627687a71d87a0d692242c33f58c11"

[[package]]
name = "daggy"
version = "0.8.0"
source = "registry+https://github.com/rust-lang/crates.io-index"
checksum = "91a9304e55e9d601a39ae4deaba85406d5c0980e106f65afcf0460e9af1e7602"
dependencies = [
 "petgraph",
]

[[package]]
name = "fixedbitset"
version = "0.4.1"
source = "registry+https://github.com/rust-lang/crates.io-index"
checksum = "279fb028e20b3c4c320317955b77c5e0c9701f05a1d309905d6fc702cdc5053e"

[[package]]
name = "hashbrown"
version = "0.12.1"
source = "registry+https://github.com/rust-lang/crates.io-index"
checksum = "db0d4cf898abf0081f964436dc980e96670a0f36863e4b83aaacdb65c9d7ccc3"

[[package]]
name = "indexmap"
version = "1.9.0"
source = "registry+https://github.com/rust-lang/crates.io-index"
checksum = "6c6392766afd7964e2531940894cffe4bd8d7d17dbc3c1c4857040fd4b33bdb3"
dependencies = [
 "autocfg",
 "hashbrown",
]

[[package]]
name = "memchr"
version = "2.5.0"
source = "registry+https://github.com/rust-lang/crates.io-index"
checksum = "2dffe52ecf27772e601905b7522cb4ef790d2cc203488bbd0e2fe85fcb74566d"

[[package]]
name = "petgraph"
version = "0.6.2"
source = "registry+https://github.com/rust-lang/crates.io-index"
checksum = "e6d5014253a1331579ce62aa67443b4a658c5e7dd03d4bc6d302b94474888143"
dependencies = [
 "fixedbitset",
 "indexmap",
]

[[package]]
name = "regex"
version = "1.5.6"
source = "registry+https://github.com/rust-lang/crates.io-index"
checksum = "d83f127d94bdbcda4c8cc2e50f6f84f4b611f69c902699ca385a39c3a75f9ff1"
dependencies = [
 "aho-corasick",
 "memchr",
 "regex-syntax",
]

[[package]]
name = "regex-syntax"
version = "0.6.26"
source = "registry+https://github.com/rust-lang/crates.io-index"
checksum = "49b3de9ec5dc0a3417da371aab17d729997c15010e7fd24ff707773a33bddb64"

[[package]]
name = "tree-sitter"
version = "0.20.6"
source = "registry+https://github.com/rust-lang/crates.io-index"
checksum = "09b3b781640108d29892e8b9684642d2cda5ea05951fd58f0fea1db9edeb9b71"
dependencies = [
 "cc",
 "regex",
]

[[package]]
name = "tree-sitter-php"
version = "0.19.1"
source = "git+https://github.com/tree-sitter/tree-sitter-php.git?branch=master#866e4a155739a1374da5247b876e70f8639005f6"
dependencies = [
 "cc",
 "tree-sitter",
]
